// !$*UTF8*$!
{
	archiveVersion = 1;
	classes = {
	};
	objectVersion = 56;
	objects = {

/* Begin PBXBuildFile section */
		FB0C1D7A2999DAF5002DA51F /* AppDelegate.swift in Sources */ = {isa = PBXBuildFile; fileRef = FB0C1D792999DAF5002DA51F /* AppDelegate.swift */; };
		FB0C1D7C2999DAF5002DA51F /* SceneDelegate.swift in Sources */ = {isa = PBXBuildFile; fileRef = FB0C1D7B2999DAF5002DA51F /* SceneDelegate.swift */; };
		FB0C1D7E2999DAF5002DA51F /* ViewController.swift in Sources */ = {isa = PBXBuildFile; fileRef = FB0C1D7D2999DAF5002DA51F /* ViewController.swift */; };
		FB0C1D812999DAF5002DA51F /* Main.storyboard in Resources */ = {isa = PBXBuildFile; fileRef = FB0C1D7F2999DAF5002DA51F /* Main.storyboard */; };
		FB0C1D832999DAF6002DA51F /* Assets.xcassets in Resources */ = {isa = PBXBuildFile; fileRef = FB0C1D822999DAF6002DA51F /* Assets.xcassets */; };
		FB0C1D862999DAF6002DA51F /* LaunchScreen.storyboard in Resources */ = {isa = PBXBuildFile; fileRef = FB0C1D842999DAF6002DA51F /* LaunchScreen.storyboard */; };
		FB0C1D8F2999E0A6002DA51F /* Prompt.swift in Sources */ = {isa = PBXBuildFile; fileRef = FB0C1D8E2999E0A6002DA51F /* Prompt.swift */; };
		FB0C1D912999E0DE002DA51F /* PromptLogic.swift in Sources */ = {isa = PBXBuildFile; fileRef = FB0C1D902999E0DE002DA51F /* PromptLogic.swift */; };
/* End PBXBuildFile section */

/* Begin PBXFileReference section */
		FB0C1D762999DAF5002DA51F /* MyAdventure.app */ = {isa = PBXFileReference; explicitFileType = wrapper.application; includeInIndex = 0; path = MyAdventure.app; sourceTree = BUILT_PRODUCTS_DIR; };
		FB0C1D792999DAF5002DA51F /* AppDelegate.swift */ = {isa = PBXFileReference; lastKnownFileType = sourcecode.swift; path = AppDelegate.swift; sourceTree = "<group>"; };
		FB0C1D7B2999DAF5002DA51F /* SceneDelegate.swift */ = {isa = PBXFileReference; lastKnownFileType = sourcecode.swift; path = SceneDelegate.swift; sourceTree = "<group>"; };
		FB0C1D7D2999DAF5002DA51F /* ViewController.swift */ = {isa = PBXFileReference; lastKnownFileType = sourcecode.swift; path = ViewController.swift; sourceTree = "<group>"; };
		FB0C1D802999DAF5002DA51F /* Base */ = {isa = PBXFileReference; lastKnownFileType = file.storyboard; name = Base; path = Base.lproj/Main.storyboard; sourceTree = "<group>"; };
		FB0C1D822999DAF6002DA51F /* Assets.xcassets */ = {isa = PBXFileReference; lastKnownFileType = folder.assetcatalog; path = Assets.xcassets; sourceTree = "<group>"; };
		FB0C1D852999DAF6002DA51F /* Base */ = {isa = PBXFileReference; lastKnownFileType = file.storyboard; name = Base; path = Base.lproj/LaunchScreen.storyboard; sourceTree = "<group>"; };
		FB0C1D872999DAF6002DA51F /* Info.plist */ = {isa = PBXFileReference; lastKnownFileType = text.plist.xml; path = Info.plist; sourceTree = "<group>"; };
		FB0C1D8E2999E0A6002DA51F /* Prompt.swift */ = {isa = PBXFileReference; lastKnownFileType = sourcecode.swift; path = Prompt.swift; sourceTree = "<group>"; };
		FB0C1D902999E0DE002DA51F /* PromptLogic.swift */ = {isa = PBXFileReference; lastKnownFileType = sourcecode.swift; path = PromptLogic.swift; sourceTree = "<group>"; };
/* End PBXFileReference section */

/* Begin PBXFrameworksBuildPhase section */
		FB0C1D732999DAF5002DA51F /* Frameworks */ = {
			isa = PBXFrameworksBuildPhase;
			buildActionMask = 2147483647;
			files = (
			);
			runOnlyForDeploymentPostprocessing = 0;
		};
/* End PBXFrameworksBuildPhase section */

/* Begin PBXGroup section */
		FB0C1D6D2999DAF5002DA51F = {
			isa = PBXGroup;
			children = (
				FB0C1D782999DAF5002DA51F /* MyAdventure */,
				FB0C1D772999DAF5002DA51F /* Products */,
			);
			sourceTree = "<group>";
		};
		FB0C1D772999DAF5002DA51F /* Products */ = {
			isa = PBXGroup;
			children = (
				FB0C1D762999DAF5002DA51F /* MyAdventure.app */,
			);
			name = Products;
			sourceTree = "<group>";
		};
		FB0C1D782999DAF5002DA51F /* MyAdventure */ = {
			isa = PBXGroup;
			children = (
				FB0C1D792999DAF5002DA51F /* AppDelegate.swift */,
				FB0C1D7B2999DAF5002DA51F /* SceneDelegate.swift */,
				FB0C1D7F2999DAF5002DA51F /* Main.storyboard */,
				FB0C1D822999DAF6002DA51F /* Assets.xcassets */,
				FB0C1D842999DAF6002DA51F /* LaunchScreen.storyboard */,
				FB0C1D872999DAF6002DA51F /* Info.plist */,
				FB0C1D922999E122002DA51F /* prompt */,
				FB0C1D8D2999DF50002DA51F /* View */,
			);
			path = MyAdventure;
			sourceTree = "<group>";
		};
		FB0C1D8D2999DF50002DA51F /* View */ = {
			isa = PBXGroup;
			children = (
				FB0C1D7D2999DAF5002DA51F /* ViewController.swift */,
			);
			path = View;
			sourceTree = "<group>";
		};
		FB0C1D922999E122002DA51F /* prompt */ = {
			isa = PBXGroup;
			children = (
				FB0C1D902999E0DE002DA51F /* PromptLogic.swift */,
				FB0C1D8E2999E0A6002DA51F /* Prompt.swift */,
			);
			path = prompt;
			sourceTree = "<group>";
		};
/* End PBXGroup section */

/* Begin PBXNativeTarget section */
		FB0C1D752999DAF5002DA51F /* MyAdventure */ = {
			isa = PBXNativeTarget;
			buildConfigurationList = FB0C1D8A2999DAF6002DA51F /* Build configuration list for PBXNativeTarget "MyAdventure" */;
			buildPhases = (
				FB0C1D722999DAF5002DA51F /* Sources */,
				FB0C1D732999DAF5002DA51F /* Frameworks */,
				FB0C1D742999DAF5002DA51F /* Resources */,
			);
			buildRules = (
			);
			dependencies = (
			);
			name = MyAdventure;
			productName = MyAdventure;
			productReference = FB0C1D762999DAF5002DA51F /* MyAdventure.app */;
			productType = "com.apple.product-type.application";
		};
/* End PBXNativeTarget section */

/* Begin PBXProject section */
		FB0C1D6E2999DAF5002DA51F /* Project object */ = {
			isa = PBXProject;
			attributes = {
				BuildIndependentTargetsInParallel = 1;
				LastSwiftUpdateCheck = 1420;
				LastUpgradeCheck = 1420;
				TargetAttributes = {
					FB0C1D752999DAF5002DA51F = {
						CreatedOnToolsVersion = 14.2;
					};
				};
			};
			buildConfigurationList = FB0C1D712999DAF5002DA51F /* Build configuration list for PBXProject "MyAdventure" */;
			compatibilityVersion = "Xcode 14.0";
			developmentRegion = en;
			hasScannedForEncodings = 0;
			knownRegions = (
				en,
				Base,
			);
			mainGroup = FB0C1D6D2999DAF5002DA51F;
			productRefGroup = FB0C1D772999DAF5002DA51F /* Products */;
			projectDirPath = "";
			projectRoot = "";
			targets = (
				FB0C1D752999DAF5002DA51F /* MyAdventure */,
			);
		};
/* End PBXProject section */

/* Begin PBXResourcesBuildPhase section */
		FB0C1D742999DAF5002DA51F /* Resources */ = {
			isa = PBXResourcesBuildPhase;
			buildActionMask = 2147483647;
			files = (
				FB0C1D862999DAF6002DA51F /* LaunchScreen.storyboard in Resources */,
				FB0C1D832999DAF6002DA51F /* Assets.xcassets in Resources */,
				FB0C1D812999DAF5002DA51F /* Main.storyboard in Resources */,
			);
			runOnlyForDeploymentPostprocessing = 0;
		};
/* End PBXResourcesBuildPhase section */

/* Begin PBXSourcesBuildPhase section */
		FB0C1D722999DAF5002DA51F /* Sources */ = {
			isa = PBXSourcesBuildPhase;
			buildActionMask = 2147483647;
			files = (
				FB0C1D7E2999DAF5002DA51F /* ViewController.swift in Sources */,
				FB0C1D8F2999E0A6002DA51F /* Prompt.swift in Sources */,
				FB0C1D7A2999DAF5002DA51F /* AppDelegate.swift in Sources */,
				FB0C1D7C2999DAF5002DA51F /* SceneDelegate.swift in Sources */,
				FB0C1D912999E0DE002DA51F /* PromptLogic.swift in Sources */,
			);
			runOnlyForDeploymentPostprocessing = 0;
		};
/* End PBXSourcesBuildPhase section */

/* Begin PBXVariantGroup section */
		FB0C1D7F2999DAF5002DA51F /* Main.storyboard */ = {
			isa = PBXVariantGroup;
			children = (
				FB0C1D802999DAF5002DA51F /* Base */,
			);
			name = Main.storyboard;
			sourceTree = "<group>";
		};
		FB0C1D842999DAF6002DA51F /* LaunchScreen.storyboard */ = {
			isa = PBXVariantGroup;
			children = (
				FB0C1D852999DAF6002DA51F /* Base */,
			);
			name = LaunchScreen.storyboard;
			sourceTree = "<group>";
		};
/* End PBXVariantGroup section */

/* Begin XCBuildConfiguration section */
		FB0C1D882999DAF6002DA51F /* Debug */ = {
			isa = XCBuildConfiguration;
			buildSettings = {
				ALWAYS_SEARCH_USER_PATHS = NO;
				CLANG_ANALYZER_NONNULL = YES;
				CLANG_ANALYZER_NUMBER_OBJECT_CONVERSION = YES_AGGRESSIVE;
				CLANG_CXX_LANGUAGE_STANDARD = "gnu++20";
				CLANG_ENABLE_MODULES = YES;
				CLANG_ENABLE_OBJC_ARC = YES;
				CLANG_ENABLE_OBJC_WEAK = YES;
				CLANG_WARN_BLOCK_CAPTURE_AUTORELEASING = YES;
				CLANG_WARN_BOOL_CONVERSION = YES;
				CLANG_WARN_COMMA = YES;
				CLANG_WARN_CONSTANT_CONVERSION = YES;
				CLANG_WARN_DEPRECATED_OBJC_IMPLEMENTATIONS = YES;
				CLANG_WARN_DIRECT_OBJC_ISA_USAGE = YES_ERROR;
				CLANG_WARN_DOCUMENTATION_COMMENTS = YES;
				CLANG_WARN_EMPTY_BODY = YES;
				CLANG_WARN_ENUM_CONVERSION = YES;
				CLANG_WARN_INFINITE_RECURSION = YES;
				CLANG_WARN_INT_CONVERSION = YES;
				CLANG_WARN_NON_LITERAL_NULL_CONVERSION = YES;
				CLANG_WARN_OBJC_IMPLICIT_RETAIN_SELF = YES;
				CLANG_WARN_OBJC_LITERAL_CONVERSION = YES;
				CLANG_WARN_OBJC_ROOT_CLASS = YES_ERROR;
				CLANG_WARN_QUOTED_INCLUDE_IN_FRAMEWORK_HEADER = YES;
				CLANG_WARN_RANGE_LOOP_ANALYSIS = YES;
				CLANG_WARN_STRICT_PROTOTYPES = YES;
				CLANG_WARN_SUSPICIOUS_MOVE = YES;
				CLANG_WARN_UNGUARDED_AVAILABILITY = YES_AGGRESSIVE;
				CLANG_WARN_UNREACHABLE_CODE = YES;
				CLANG_WARN__DUPLICATE_METHOD_MATCH = YES;
				COPY_PHASE_STRIP = NO;
				DEBUG_INFORMATION_FORMAT = dwarf;
				ENABLE_STRICT_OBJC_MSGSEND = YES;
				ENABLE_TESTABILITY = YES;
				GCC_C_LANGUAGE_STANDARD = gnu11;
				GCC_DYNAMIC_NO_PIC = NO;
				GCC_NO_COMMON_BLOCKS = YES;
				GCC_OPTIMIZATION_LEVEL = 0;
				GCC_PREPROCESSOR_DEFINITIONS = (
					"DEBUG=1",
					"$(inherited)",
				);
				GCC_WARN_64_TO_32_BIT_CONVERSION = YES;
				GCC_WARN_ABOUT_RETURN_TYPE = YES_ERROR;
				GCC_WARN_UNDECLARED_SELECTOR = YES;
				GCC_WARN_UNINITIALIZED_AUTOS = YES_AGGRESSIVE;
				GCC_WARN_UNUSED_FUNCTION = YES;
				GCC_WARN_UNUSED_VARIABLE = YES;
				IPHONEOS_DEPLOYMENT_TARGET = 16.2;
				MTL_ENABLE_DEBUG_INFO = INCLUDE_SOURCE;
				MTL_FAST_MATH = YES;
				ONLY_ACTIVE_ARCH = YES;
				SDKROOT = iphoneos;
				SWIFT_ACTIVE_COMPILATION_CONDITIONS = DEBUG;
				SWIFT_OPTIMIZATION_LEVEL = "-Onone";
			};
			name = Debug;
		};
		FB0C1D892999DAF6002DA51F /* Release */ = {
			isa = XCBuildConfiguration;
			buildSettings = {
				ALWAYS_SEARCH_USER_PATHS = NO;
				CLANG_ANALYZER_NONNULL = YES;
				CLANG_ANALYZER_NUMBER_OBJECT_CONVERSION = YES_AGGRESSIVE;
				CLANG_CXX_LANGUAGE_STANDARD = "gnu++20";
				CLANG_ENABLE_MODULES = YES;
				CLANG_ENABLE_OBJC_ARC = YES;
				CLANG_ENABLE_OBJC_WEAK = YES;
				CLANG_WARN_BLOCK_CAPTURE_AUTORELEASING = YES;
				CLANG_WARN_BOOL_CONVERSION = YES;
				CLANG_WARN_COMMA = YES;
				CLANG_WARN_CONSTANT_CONVERSION = YES;
				CLANG_WARN_DEPRECATED_OBJC_IMPLEMENTATIONS = YES;
				CLANG_WARN_DIRECT_OBJC_ISA_USAGE = YES_ERROR;
				CLANG_WARN_DOCUMENTATION_COMMENTS = YES;
				CLANG_WARN_EMPTY_BODY = YES;
				CLANG_WARN_ENUM_CONVERSION = YES;
				CLANG_WARN_INFINITE_RECURSION = YES;
				CLANG_WARN_INT_CONVERSION = YES;
				CLANG_WARN_NON_LITERAL_NULL_CONVERSION = YES;
				CLANG_WARN_OBJC_IMPLICIT_RETAIN_SELF = YES;
				CLANG_WARN_OBJC_LITERAL_CONVERSION = YES;
				CLANG_WARN_OBJC_ROOT_CLASS = YES_ERROR;
				CLANG_WARN_QUOTED_INCLUDE_IN_FRAMEWORK_HEADER = YES;
				CLANG_WARN_RANGE_LOOP_ANALYSIS = YES;
				CLANG_WARN_STRICT_PROTOTYPES = YES;
				CLANG_WARN_SUSPICIOUS_MOVE = YES;
				CLANG_WARN_UNGUARDED_AVAILABILITY = YES_AGGRESSIVE;
				CLANG_WARN_UNREACHABLE_CODE = YES;
				CLANG_WARN__DUPLICATE_METHOD_MATCH = YES;
				COPY_PHASE_STRIP = NO;
				DEBUG_INFORMATION_FORMAT = "dwarf-with-dsym";
				ENABLE_NS_ASSERTIONS = NO;
				ENABLE_STRICT_OBJC_MSGSEND = YES;
				GCC_C_LANGUAGE_STANDARD = gnu11;
				GCC_NO_COMMON_BLOCKS = YES;
				GCC_WARN_64_TO_32_BIT_CONVERSION = YES;
				GCC_WARN_ABOUT_RETURN_TYPE = YES_ERROR;
				GCC_WARN_UNDECLARED_SELECTOR = YES;
				GCC_WARN_UNINITIALIZED_AUTOS = YES_AGGRESSIVE;
				GCC_WARN_UNUSED_FUNCTION = YES;
				GCC_WARN_UNUSED_VARIABLE = YES;
				IPHONEOS_DEPLOYMENT_TARGET = 16.2;
				MTL_ENABLE_DEBUG_INFO = NO;
				MTL_FAST_MATH = YES;
				SDKROOT = iphoneos;
				SWIFT_COMPILATION_MODE = wholemodule;
				SWIFT_OPTIMIZATION_LEVEL = "-O";
				VALIDATE_PRODUCT = YES;
			};
			name = Release;
		};
		FB0C1D8B2999DAF6002DA51F /* Debug */ = {
			isa = XCBuildConfiguration;
			buildSettings = {
				ASSETCATALOG_COMPILER_APPICON_NAME = AppIcon;
				ASSETCATALOG_COMPILER_GLOBAL_ACCENT_COLOR_NAME = AccentColor;
				CODE_SIGN_STYLE = Automatic;
				CURRENT_PROJECT_VERSION = 1;
				GENERATE_INFOPLIST_FILE = YES;
				INFOPLIST_FILE = MyAdventure/Info.plist;
				INFOPLIST_KEY_UIApplicationSupportsIndirectInputEvents = YES;
				INFOPLIST_KEY_UILaunchStoryboardName = LaunchScreen;
				INFOPLIST_KEY_UIMainStoryboardFile = Main;
				INFOPLIST_KEY_UISupportedInterfaceOrientations_iPad = "UIInterfaceOrientationPortrait UIInterfaceOrientationPortraitUpsideDown UIInterfaceOrientationLandscapeLeft UIInterfaceOrientationLandscapeRight";
				INFOPLIST_KEY_UISupportedInterfaceOrientations_iPhone = "UIInterfaceOrientationPortrait UIInterfaceOrientationLandscapeLeft UIInterfaceOrientationLandscapeRight";
				LD_RUNPATH_SEARCH_PATHS = (
					"$(inherited)",
					"@executable_path/Frameworks",
				);
				MARKETING_VERSION = 1.0;
				PRODUCT_BUNDLE_IDENTIFIER = CullenVaughan.MyAdventure;
				PRODUCT_NAME = "$(TARGET_NAME)";
				SWIFT_EMIT_LOC_STRINGS = YES;
				SWIFT_VERSION = 5.0;
				TARGETED_DEVICE_FAMILY = "1,2";
			};
			name = Debug;
		};
		FB0C1D8C2999DAF6002DA51F /* Release */ = {
			isa = XCBuildConfiguration;
			buildSettings = {
				ASSETCATALOG_COMPILER_APPICON_NAME = AppIcon;
				ASSETCATALOG_COMPILER_GLOBAL_ACCENT_COLOR_NAME = AccentColor;
				CODE_SIGN_STYLE = Automatic;
				CURRENT_PROJECT_VERSION = 1;
				GENERATE_INFOPLIST_FILE = YES;
				INFOPLIST_FILE = MyAdventure/Info.plist;
				INFOPLIST_KEY_UIApplicationSupportsIndirectInputEvents = YES;
				INFOPLIST_KEY_UILaunchStoryboardName = LaunchScreen;
				INFOPLIST_KEY_UIMainStoryboardFile = Main;
				INFOPLIST_KEY_UISupportedInterfaceOrientations_iPad = "UIInterfaceOrientationPortrait UIInterfaceOrientationPortraitUpsideDown UIInterfaceOrientationLandscapeLeft UIInterfaceOrientationLandscapeRight";
				INFOPLIST_KEY_UISupportedInterfaceOrientations_iPhone = "UIInterfaceOrientationPortrait UIInterfaceOrientationLandscapeLeft UIInterfaceOrientationLandscapeRight";
				LD_RUNPATH_SEARCH_PATHS = (
					"$(inherited)",
					"@executable_path/Frameworks",
				);
				MARKETING_VERSION = 1.0;
				PRODUCT_BUNDLE_IDENTIFIER = CullenVaughan.MyAdventure;
				PRODUCT_NAME = "$(TARGET_NAME)";
				SWIFT_EMIT_LOC_STRINGS = YES;
				SWIFT_VERSION = 5.0;
				TARGETED_DEVICE_FAMILY = "1,2";
			};
			name = Release;
		};
/* End XCBuildConfiguration section */

/* Begin XCConfigurationList section */
		FB0C1D712999DAF5002DA51F /* Build configuration list for PBXProject "MyAdventure" */ = {
			isa = XCConfigurationList;
			buildConfigurations = (
				FB0C1D882999DAF6002DA51F /* Debug */,
				FB0C1D892999DAF6002DA51F /* Release */,
			);
			defaultConfigurationIsVisible = 0;
			defaultConfigurationName = Release;
		};
		FB0C1D8A2999DAF6002DA51F /* Build configuration list for PBXNativeTarget "MyAdventure" */ = {
			isa = XCConfigurationList;
			buildConfigurations = (
				FB0C1D8B2999DAF6002DA51F /* Debug */,
				FB0C1D8C2999DAF6002DA51F /* Release */,
			);
			defaultConfigurationIsVisible = 0;
			defaultConfigurationName = Release;
		};
/* End XCConfigurationList section */
	};
	rootObject = FB0C1D6E2999DAF5002DA51F /* Project object */;
}
